
Microsoft Visual Studio Solution File, Format Version 12.00
# Visual Studio Express 2013 for Web
VisualStudioVersion = 12.0.21005.1
MinimumVisualStudioVersion = 10.0.40219.1
Project("{FAE04EC0-301F-11D3-BF4B-00C04F79EFBC}") = "MyGraphs", "MyGraphs\MyGraphs.csproj", "{F7EA9BD8-A13F-4CA0-BC15-45CCF502AF26}"
EndProject
Project("{FAE04EC0-301F-11D3-BF4B-00C04F79EFBC}") = "UnitTestProject1", "UnitTestProject1\UnitTestProject1.csproj", "{7D9CAA86-A592-44C9-94A2-8851936044FD}"
EndProject
Project("{FAE04EC0-301F-11D3-BF4B-00C04F79EFBC}") = "MainConsole", "MainConsole\MainConsole.csproj", "{7EB6E7E4-EE08-4E37-99AC-8A8CF4DD8FDF}"
EndProject
Project("{FAE04EC0-301F-11D3-BF4B-00C04F79EFBC}") = "MyPathPlanner", "MyPathPlaner\MyPathPlanner.csproj", "{8FE68767-56AB-4FD6-A689-9E023B6C290B}"
EndProject
Project("{FAE04EC0-301F-11D3-BF4B-00C04F79EFBC}") = "GameLibrary", "GameLibrary\GameLibrary.csproj", "{FCF40EFA-95CF-45D3-A4A9-A97046F31818}"
EndProject
Global
	GlobalSection(SolutionConfigurationPlatforms) = preSolution
		Debug|Any CPU = Debug|Any CPU
		Release|Any CPU = Release|Any CPU
	EndGlobalSection
	GlobalSection(ProjectConfigurationPlatforms) = postSolution
		{F7EA9BD8-A13F-4CA0-BC15-45CCF502AF26}.Debug|Any CPU.ActiveCfg = Debug|Any CPU
		{F7EA9BD8-A13F-4CA0-BC15-45CCF502AF26}.Debug|Any CPU.Build.0 = Debug|Any CPU
		{F7EA9BD8-A13F-4CA0-BC15-45CCF502AF26}.Release|Any CPU.ActiveCfg = Release|Any CPU
		{F7EA9BD8-A13F-4CA0-BC15-45CCF502AF26}.Release|Any CPU.Build.0 = Release|Any CPU
		{7D9CAA86-A592-44C9-94A2-8851936044FD}.Debug|Any CPU.ActiveCfg = Debug|Any CPU
		{7D9CAA86-A592-44C9-94A2-8851936044FD}.Debug|Any CPU.Build.0 = Debug|Any CPU
		{7D9CAA86-A592-44C9-94A2-8851936044FD}.Release|Any CPU.ActiveCfg = Release|Any CPU
		{7D9CAA86-A592-44C9-94A2-8851936044FD}.Release|Any CPU.Build.0 = Release|Any CPU
		{7EB6E7E4-EE08-4E37-99AC-8A8CF4DD8FDF}.Debug|Any CPU.ActiveCfg = Debug|Any CPU
		{7EB6E7E4-EE08-4E37-99AC-8A8CF4DD8FDF}.Debug|Any CPU.Build.0 = Debug|Any CPU
		{7EB6E7E4-EE08-4E37-99AC-8A8CF4DD8FDF}.Release|Any CPU.ActiveCfg = Release|Any CPU
		{7EB6E7E4-EE08-4E37-99AC-8A8CF4DD8FDF}.Release|Any CPU.Build.0 = Release|Any CPU
		{8FE68767-56AB-4FD6-A689-9E023B6C290B}.Debug|Any CPU.ActiveCfg = Debug|Any CPU
		{8FE68767-56AB-4FD6-A689-9E023B6C290B}.Debug|Any CPU.Build.0 = Debug|Any CPU
		{8FE68767-56AB-4FD6-A689-9E023B6C290B}.Release|Any CPU.ActiveCfg = Release|Any CPU
		{8FE68767-56AB-4FD6-A689-9E023B6C290B}.Release|Any CPU.Build.0 = Release|Any CPU
		{FCF40EFA-95CF-45D3-A4A9-A97046F31818}.Debug|Any CPU.ActiveCfg = Debug|Any CPU
		{FCF40EFA-95CF-45D3-A4A9-A97046F31818}.Debug|Any CPU.Build.0 = Debug|Any CPU
		{FCF40EFA-95CF-45D3-A4A9-A97046F31818}.Release|Any CPU.ActiveCfg = Release|Any CPU
		{FCF40EFA-95CF-45D3-A4A9-A97046F31818}.Release|Any CPU.Build.0 = Release|Any CPU
	EndGlobalSection
	GlobalSection(SolutionProperties) = preSolution
		HideSolutionNode = FALSE
	EndGlobalSection
EndGlobal
